
Microsoft Visual Studio Solution File, Format Version 12.00
# Visual Studio 2013
VisualStudioVersion = 12.0.30324.0
MinimumVisualStudioVersion = 10.0.40219.1
Project("{FAE04EC0-301F-11D3-BF4B-00C04F79EFBC}") = "WCFTLSHost", "WCFTLSHost.csproj", "{CBFC39DA-3FA9-4BB5-8CC4-32CDAF82E2E1}"
EndProject
Global
	GlobalSection(SolutionConfigurationPlatforms) = preSolution
		Debug|Any CPU = Debug|Any CPU
		Release|Any CPU = Release|Any CPU
	EndGlobalSection
	GlobalSection(ProjectConfigurationPlatforms) = postSolution
		{CBFC39DA-3FA9-4BB5-8CC4-32CDAF82E2E1}.Debug|Any CPU.ActiveCfg = Debug|Any CPU
		{CBFC39DA-3FA9-4BB5-8CC4-32CDAF82E2E1}.Debug|Any CPU.Build.0 = Debug|Any CPU
		{CBFC39DA-3FA9-4BB5-8CC4-32CDAF82E2E1}.Release|Any CPU.ActiveCfg = Release|Any CPU
		{CBFC39DA-3FA9-4BB5-8CC4-32CDAF82E2E1}.Release|Any CPU.Build.0 = Release|Any CPU
	EndGlobalSection
	GlobalSection(SolutionProperties) = preSolution
		HideSolutionNode = FALSE
	EndGlobalSection
EndGlobal
